schema: '2.0'
stages:
  load_data:
    cmd: python scripts/load_data.py
    deps:
    - path: Data/raw/MachineLearningRating_v3.zip
      hash: md5
      md5: 8b89e33fc02624a98169f298012e535f
      size: 16611140
    - path: scripts/load_data.py
      hash: md5
      md5: bea55451bb81503a35510996c662018c
      size: 1195
    outs:
    - path: Data/interim/MachineLearningRating_v3.txt
      hash: md5
      md5: 244f3375819179e8dfbfea9ab7e8e09a
      size: 527372631
  process_data:
    cmd: python scripts/data_processing.py
    deps:
    - path: Data/interim/MachineLearningRating_v3.txt
      hash: md5
      md5: 244f3375819179e8dfbfea9ab7e8e09a
      size: 527372631
    - path: scripts/data_processing.py
      hash: md5
      md5: 6be1c1b16f57492e600f34ec64b4431f
      size: 2398
    outs:
    - path: Data/processed/cleaned_data.csv
      hash: md5
      md5: ea33884ba7aad89d886c85b6e22032a1
      size: 523962052
    - path: Data/processed/missing_data_summary.json
      hash: md5
      md5: f6ed63b2a59e9d791d62189ef1fe5550
      size: 1256
  visualize:
    cmd: python scripts/data_visualization.py
    deps:
    - path: Data/processed/cleaned_data.csv
      hash: md5
      md5: ea33884ba7aad89d886c85b6e22032a1
      size: 523962052
    - path: scripts/data_visualization.py
      hash: md5
      md5: 9f9b3dfc9de0e32d2c554349478ce7e6
      size: 3739
    outs:
    - path: Data/visualizations/correlation_heatmap.png
      hash: md5
      md5: a167cf0b7bee828770ae912056dd5718
      size: 685039
    - path: Data/visualizations/geographical_trends.png
      hash: md5
      md5: d603808634c33d4b8dbee40002f8ad8c
      size: 546658
    - path: Data/visualizations/outliers_boxplot.png
      hash: md5
      md5: 22f724d6b7d5cbcaa3470f5dfbca6425
      size: 383735
    - path: Data/visualizations/premium_by_cover.png
      hash: md5
      md5: 2476e64baf9f0242ee3e27ed92cbaa48
      size: 394094
